
Microsoft Visual Studio Solution File, Format Version 12.00
# Visual Studio Version 17
VisualStudioVersion = 17.1.32210.238
MinimumVisualStudioVersion = 10.0.40219.1
Project("{2150E333-8FDC-42A3-9474-1A3956D46DE8}") = "FrontEnd", "FrontEnd", "{C1724A6E-DDF7-4AC7-A22F-73F9C3BA63B4}"
EndProject
Project("{2150E333-8FDC-42A3-9474-1A3956D46DE8}") = "Services", "Services", "{C252A71F-7C44-47DE-AF39-DD027DD7CBD0}"
EndProject
Project("{9A19103F-16F7-4668-BE54-9A1E7A4F7556}") = "MisterS.Web", "MisterS.Web\MisterS.Web.csproj", "{EB8B884C-FC39-49FA-A381-95E8093D7366}"
EndProject
Project("{9A19103F-16F7-4668-BE54-9A1E7A4F7556}") = "MisterS.Services.ProductAPI", "MisterS.Services.ProductAPI\MisterS.Services.ProductAPI.csproj", "{17C93424-BF50-48B4-840B-C4DC1C4BDC94}"
EndProject
Project("{9A19103F-16F7-4668-BE54-9A1E7A4F7556}") = "MisterS.Services.Identity", "MisterS.Services.Identity\MisterS.Services.Identity.csproj", "{CD27BB08-0E33-4231-ACFD-BF587B2C5897}"
EndProject
Project("{9A19103F-16F7-4668-BE54-9A1E7A4F7556}") = "MisterS.Services.ShoppingCartAPI", "MisterS.Services.ShoppingCartAPI\MisterS.Services.ShoppingCartAPI.csproj", "{EEE33B04-0B81-4AFD-A615-25C8B6C46E2E}"
EndProject
Project("{9A19103F-16F7-4668-BE54-9A1E7A4F7556}") = "MisterS.Services.CouponAPI", "MisterS.Services.CouponAPI\MisterS.Services.CouponAPI.csproj", "{18720D20-FDA2-4DD2-B8B2-F303D4CFCCF8}"
EndProject
Project("{2150E333-8FDC-42A3-9474-1A3956D46DE8}") = "Integration", "Integration", "{7B267D8D-5DBA-4763-89AF-7707DE1D54CB}"
EndProject
Project("{FAE04EC0-301F-11D3-BF4B-00C04F79EFBC}") = "MisterS.MessageBus", "MisterS.MessageBus\MisterS.MessageBus.csproj", "{CB1DAFB7-EFF2-4B81-9BE1-94E7ABB0DCDB}"
EndProject
Global
	GlobalSection(SolutionConfigurationPlatforms) = preSolution
		Debug|Any CPU = Debug|Any CPU
		Release|Any CPU = Release|Any CPU
	EndGlobalSection
	GlobalSection(ProjectConfigurationPlatforms) = postSolution
		{EB8B884C-FC39-49FA-A381-95E8093D7366}.Debug|Any CPU.ActiveCfg = Debug|Any CPU
		{EB8B884C-FC39-49FA-A381-95E8093D7366}.Debug|Any CPU.Build.0 = Debug|Any CPU
		{EB8B884C-FC39-49FA-A381-95E8093D7366}.Release|Any CPU.ActiveCfg = Release|Any CPU
		{EB8B884C-FC39-49FA-A381-95E8093D7366}.Release|Any CPU.Build.0 = Release|Any CPU
		{17C93424-BF50-48B4-840B-C4DC1C4BDC94}.Debug|Any CPU.ActiveCfg = Debug|Any CPU
		{17C93424-BF50-48B4-840B-C4DC1C4BDC94}.Debug|Any CPU.Build.0 = Debug|Any CPU
		{17C93424-BF50-48B4-840B-C4DC1C4BDC94}.Release|Any CPU.ActiveCfg = Release|Any CPU
		{17C93424-BF50-48B4-840B-C4DC1C4BDC94}.Release|Any CPU.Build.0 = Release|Any CPU
		{CD27BB08-0E33-4231-ACFD-BF587B2C5897}.Debug|Any CPU.ActiveCfg = Debug|Any CPU
		{CD27BB08-0E33-4231-ACFD-BF587B2C5897}.Debug|Any CPU.Build.0 = Debug|Any CPU
		{CD27BB08-0E33-4231-ACFD-BF587B2C5897}.Release|Any CPU.ActiveCfg = Release|Any CPU
		{CD27BB08-0E33-4231-ACFD-BF587B2C5897}.Release|Any CPU.Build.0 = Release|Any CPU
		{EEE33B04-0B81-4AFD-A615-25C8B6C46E2E}.Debug|Any CPU.ActiveCfg = Debug|Any CPU
		{EEE33B04-0B81-4AFD-A615-25C8B6C46E2E}.Debug|Any CPU.Build.0 = Debug|Any CPU
		{EEE33B04-0B81-4AFD-A615-25C8B6C46E2E}.Release|Any CPU.ActiveCfg = Release|Any CPU
		{EEE33B04-0B81-4AFD-A615-25C8B6C46E2E}.Release|Any CPU.Build.0 = Release|Any CPU
		{18720D20-FDA2-4DD2-B8B2-F303D4CFCCF8}.Debug|Any CPU.ActiveCfg = Debug|Any CPU
		{18720D20-FDA2-4DD2-B8B2-F303D4CFCCF8}.Debug|Any CPU.Build.0 = Debug|Any CPU
		{18720D20-FDA2-4DD2-B8B2-F303D4CFCCF8}.Release|Any CPU.ActiveCfg = Release|Any CPU
		{18720D20-FDA2-4DD2-B8B2-F303D4CFCCF8}.Release|Any CPU.Build.0 = Release|Any CPU
		{CB1DAFB7-EFF2-4B81-9BE1-94E7ABB0DCDB}.Debug|Any CPU.ActiveCfg = Debug|Any CPU
		{CB1DAFB7-EFF2-4B81-9BE1-94E7ABB0DCDB}.Debug|Any CPU.Build.0 = Debug|Any CPU
		{CB1DAFB7-EFF2-4B81-9BE1-94E7ABB0DCDB}.Release|Any CPU.ActiveCfg = Release|Any CPU
		{CB1DAFB7-EFF2-4B81-9BE1-94E7ABB0DCDB}.Release|Any CPU.Build.0 = Release|Any CPU
	EndGlobalSection
	GlobalSection(SolutionProperties) = preSolution
		HideSolutionNode = FALSE
	EndGlobalSection
	GlobalSection(NestedProjects) = preSolution
		{EB8B884C-FC39-49FA-A381-95E8093D7366} = {C1724A6E-DDF7-4AC7-A22F-73F9C3BA63B4}
		{17C93424-BF50-48B4-840B-C4DC1C4BDC94} = {C252A71F-7C44-47DE-AF39-DD027DD7CBD0}
		{CD27BB08-0E33-4231-ACFD-BF587B2C5897} = {C252A71F-7C44-47DE-AF39-DD027DD7CBD0}
		{EEE33B04-0B81-4AFD-A615-25C8B6C46E2E} = {C252A71F-7C44-47DE-AF39-DD027DD7CBD0}
		{18720D20-FDA2-4DD2-B8B2-F303D4CFCCF8} = {C252A71F-7C44-47DE-AF39-DD027DD7CBD0}
		{CB1DAFB7-EFF2-4B81-9BE1-94E7ABB0DCDB} = {7B267D8D-5DBA-4763-89AF-7707DE1D54CB}
	EndGlobalSection
	GlobalSection(ExtensibilityGlobals) = postSolution
		SolutionGuid = {A114C682-9665-43C9-ABD4-71F1479401EF}
	EndGlobalSection
EndGlobal
